
Microsoft Visual Studio Solution File, Format Version 12.00
# Visual Studio Version 17
VisualStudioVersion = 17.4.33122.133
MinimumVisualStudioVersion = 10.0.40219.1
Project("{FAE04EC0-301F-11D3-BF4B-00C04F79EFBC}") = "Task", "Task.csproj", "{6AA53CB5-C905-49D3-8290-19F29B196706}"
EndProject
Global
	GlobalSection(SolutionConfigurationPlatforms) = preSolution
		Debug|Any CPU = Debug|Any CPU
		Release|Any CPU = Release|Any CPU
	EndGlobalSection
	GlobalSection(ProjectConfigurationPlatforms) = postSolution
		{6AA53CB5-C905-49D3-8290-19F29B196706}.Debug|Any CPU.ActiveCfg = Debug|Any CPU
		{6AA53CB5-C905-49D3-8290-19F29B196706}.Debug|Any CPU.Build.0 = Debug|Any CPU
		{6AA53CB5-C905-49D3-8290-19F29B196706}.Release|Any CPU.ActiveCfg = Release|Any CPU
		{6AA53CB5-C905-49D3-8290-19F29B196706}.Release|Any CPU.Build.0 = Release|Any CPU
	EndGlobalSection
	GlobalSection(SolutionProperties) = preSolution
		HideSolutionNode = FALSE
	EndGlobalSection
	GlobalSection(ExtensibilityGlobals) = postSolution
		SolutionGuid = {35481560-9F5E-4FF2-B429-BFED5038FCAB}
	EndGlobalSection
EndGlobal
